
Microsoft Visual Studio Solution File, Format Version 12.00
# Visual Studio Version 16
VisualStudioVersion = 16.0.29215.179
MinimumVisualStudioVersion = 10.0.40219.1
Project("{FAE04EC0-301F-11D3-BF4B-00C04F79EFBC}") = "2_4_Lab_SeanM", "2_4_Lab_SeanM\2_4_Lab_SeanM.csproj", "{7104F1F1-C85F-4B5E-B9D5-D72A250CE10A}"
EndProject
Global
	GlobalSection(SolutionConfigurationPlatforms) = preSolution
		Debug|Any CPU = Debug|Any CPU
		Release|Any CPU = Release|Any CPU
	EndGlobalSection
	GlobalSection(ProjectConfigurationPlatforms) = postSolution
		{7104F1F1-C85F-4B5E-B9D5-D72A250CE10A}.Debug|Any CPU.ActiveCfg = Debug|Any CPU
		{7104F1F1-C85F-4B5E-B9D5-D72A250CE10A}.Debug|Any CPU.Build.0 = Debug|Any CPU
		{7104F1F1-C85F-4B5E-B9D5-D72A250CE10A}.Release|Any CPU.ActiveCfg = Release|Any CPU
		{7104F1F1-C85F-4B5E-B9D5-D72A250CE10A}.Release|Any CPU.Build.0 = Release|Any CPU
	EndGlobalSection
	GlobalSection(SolutionProperties) = preSolution
		HideSolutionNode = FALSE
	EndGlobalSection
	GlobalSection(ExtensibilityGlobals) = postSolution
		SolutionGuid = {D7EE3DBA-0FD3-4488-A617-17D09C3792FC}
	EndGlobalSection
EndGlobal
